// !$*UTF8*$!
{
	archiveVersion = 1;
	classes = {
	};
	objectVersion = 56;
	objects = {

/* Begin PBXBuildFile section */
		179EE5532ACACD0500C73951 /* AppDelegate.swift in Sources */ = {isa = PBXBuildFile; fileRef = 179EE5522ACACD0500C73951 /* AppDelegate.swift */; };
		179EE5552ACACD0500C73951 /* SceneDelegate.swift in Sources */ = {isa = PBXBuildFile; fileRef = 179EE5542ACACD0500C73951 /* SceneDelegate.swift */; };
		179EE5572ACACD0500C73951 /* Anasayfa.swift in Sources */ = {isa = PBXBuildFile; fileRef = 179EE5562ACACD0500C73951 /* Anasayfa.swift */; };
		179EE55A2ACACD0500C73951 /* Main.storyboard in Resources */ = {isa = PBXBuildFile; fileRef = 179EE5582ACACD0500C73951 /* Main.storyboard */; };
		179EE55C2ACACD0A00C73951 /* Assets.xcassets in Resources */ = {isa = PBXBuildFile; fileRef = 179EE55B2ACACD0A00C73951 /* Assets.xcassets */; };
		179EE55F2ACACD0A00C73951 /* LaunchScreen.storyboard in Resources */ = {isa = PBXBuildFile; fileRef = 179EE55D2ACACD0A00C73951 /* LaunchScreen.storyboard */; };
		179EE5722ACACE8D00C73951 /* FMDatabasePool.m in Sources */ = {isa = PBXBuildFile; fileRef = 179EE5682ACACE8A00C73951 /* FMDatabasePool.m */; };
		179EE5732ACACE8D00C73951 /* FMDatabase.m in Sources */ = {isa = PBXBuildFile; fileRef = 179EE5692ACACE8A00C73951 /* FMDatabase.m */; };
		179EE5742ACACE8D00C73951 /* FMDatabaseQueue.m in Sources */ = {isa = PBXBuildFile; fileRef = 179EE56B2ACACE8B00C73951 /* FMDatabaseQueue.m */; };
		179EE5752ACACE8D00C73951 /* FMDatabaseAdditions.m in Sources */ = {isa = PBXBuildFile; fileRef = 179EE56E2ACACE8C00C73951 /* FMDatabaseAdditions.m */; };
		179EE5762ACACE8D00C73951 /* FMResultSet.m in Sources */ = {isa = PBXBuildFile; fileRef = 179EE5712ACACE8D00C73951 /* FMResultSet.m */; };
		179EE5782ACACEC700C73951 /* Todoo.db in Resources */ = {isa = PBXBuildFile; fileRef = 179EE5772ACACEC700C73951 /* Todoo.db */; };
/* End PBXBuildFile section */

/* Begin PBXFileReference section */
		179EE54F2ACACD0500C73951 /* TodoApp.app */ = {isa = PBXFileReference; explicitFileType = wrapper.application; includeInIndex = 0; path = TodoApp.app; sourceTree = BUILT_PRODUCTS_DIR; };
		179EE5522ACACD0500C73951 /* AppDelegate.swift */ = {isa = PBXFileReference; lastKnownFileType = sourcecode.swift; path = AppDelegate.swift; sourceTree = "<group>"; };
		179EE5542ACACD0500C73951 /* SceneDelegate.swift */ = {isa = PBXFileReference; lastKnownFileType = sourcecode.swift; path = SceneDelegate.swift; sourceTree = "<group>"; };
		179EE5562ACACD0500C73951 /* Anasayfa.swift */ = {isa = PBXFileReference; lastKnownFileType = sourcecode.swift; path = Anasayfa.swift; sourceTree = "<group>"; };
		179EE5592ACACD0500C73951 /* Base */ = {isa = PBXFileReference; lastKnownFileType = file.storyboard; name = Base; path = Base.lproj/Main.storyboard; sourceTree = "<group>"; };
		179EE55B2ACACD0A00C73951 /* Assets.xcassets */ = {isa = PBXFileReference; lastKnownFileType = folder.assetcatalog; path = Assets.xcassets; sourceTree = "<group>"; };
		179EE55E2ACACD0A00C73951 /* Base */ = {isa = PBXFileReference; lastKnownFileType = file.storyboard; name = Base; path = Base.lproj/LaunchScreen.storyboard; sourceTree = "<group>"; };
		179EE5602ACACD0A00C73951 /* Info.plist */ = {isa = PBXFileReference; lastKnownFileType = text.plist.xml; path = Info.plist; sourceTree = "<group>"; };
		179EE5662ACACE8800C73951 /* TodoApp-Bridging-Header.h */ = {isa = PBXFileReference; lastKnownFileType = sourcecode.c.h; path = "TodoApp-Bridging-Header.h"; sourceTree = "<group>"; };
		179EE5672ACACE8900C73951 /* FMDatabaseAdditions.h */ = {isa = PBXFileReference; fileEncoding = 4; lastKnownFileType = sourcecode.c.h; path = FMDatabaseAdditions.h; sourceTree = "<group>"; };
		179EE5682ACACE8A00C73951 /* FMDatabasePool.m */ = {isa = PBXFileReference; fileEncoding = 4; lastKnownFileType = sourcecode.c.objc; path = FMDatabasePool.m; sourceTree = "<group>"; };
		179EE5692ACACE8A00C73951 /* FMDatabase.m */ = {isa = PBXFileReference; fileEncoding = 4; lastKnownFileType = sourcecode.c.objc; path = FMDatabase.m; sourceTree = "<group>"; };
		179EE56A2ACACE8A00C73951 /* FMDatabaseQueue.h */ = {isa = PBXFileReference; fileEncoding = 4; lastKnownFileType = sourcecode.c.h; path = FMDatabaseQueue.h; sourceTree = "<group>"; };
		179EE56B2ACACE8B00C73951 /* FMDatabaseQueue.m */ = {isa = PBXFileReference; fileEncoding = 4; lastKnownFileType = sourcecode.c.objc; path = FMDatabaseQueue.m; sourceTree = "<group>"; };
		179EE56C2ACACE8B00C73951 /* FMDB.h */ = {isa = PBXFileReference; fileEncoding = 4; lastKnownFileType = sourcecode.c.h; path = FMDB.h; sourceTree = "<group>"; };
		179EE56D2ACACE8B00C73951 /* FMDatabasePool.h */ = {isa = PBXFileReference; fileEncoding = 4; lastKnownFileType = sourcecode.c.h; path = FMDatabasePool.h; sourceTree = "<group>"; };
		179EE56E2ACACE8C00C73951 /* FMDatabaseAdditions.m */ = {isa = PBXFileReference; fileEncoding = 4; lastKnownFileType = sourcecode.c.objc; path = FMDatabaseAdditions.m; sourceTree = "<group>"; };
		179EE56F2ACACE8C00C73951 /* FMResultSet.h */ = {isa = PBXFileReference; fileEncoding = 4; lastKnownFileType = sourcecode.c.h; path = FMResultSet.h; sourceTree = "<group>"; };
		179EE5702ACACE8C00C73951 /* FMDatabase.h */ = {isa = PBXFileReference; fileEncoding = 4; lastKnownFileType = sourcecode.c.h; path = FMDatabase.h; sourceTree = "<group>"; };
		179EE5712ACACE8D00C73951 /* FMResultSet.m */ = {isa = PBXFileReference; fileEncoding = 4; lastKnownFileType = sourcecode.c.objc; path = FMResultSet.m; sourceTree = "<group>"; };
		179EE5772ACACEC700C73951 /* Todoo.db */ = {isa = PBXFileReference; lastKnownFileType = file; path = Todoo.db; sourceTree = "<group>"; };
/* End PBXFileReference section */

/* Begin PBXFrameworksBuildPhase section */
		179EE54C2ACACD0500C73951 /* Frameworks */ = {
			isa = PBXFrameworksBuildPhase;
			buildActionMask = 2147483647;
			files = (
			);
			runOnlyForDeploymentPostprocessing = 0;
		};
/* End PBXFrameworksBuildPhase section */

/* Begin PBXGroup section */
		179EE5462ACACD0500C73951 = {
			isa = PBXGroup;
			children = (
				179EE5512ACACD0500C73951 /* TodoApp */,
				179EE5502ACACD0500C73951 /* Products */,
			);
			sourceTree = "<group>";
		};
		179EE5502ACACD0500C73951 /* Products */ = {
			isa = PBXGroup;
			children = (
				179EE54F2ACACD0500C73951 /* TodoApp.app */,
			);
			name = Products;
			sourceTree = "<group>";
		};
		179EE5512ACACD0500C73951 /* TodoApp */ = {
			isa = PBXGroup;
			children = (
				179EE5522ACACD0500C73951 /* AppDelegate.swift */,
				179EE5542ACACD0500C73951 /* SceneDelegate.swift */,
				179EE5562ACACD0500C73951 /* Anasayfa.swift */,
				179EE5582ACACD0500C73951 /* Main.storyboard */,
				179EE55B2ACACD0A00C73951 /* Assets.xcassets */,
				179EE55D2ACACD0A00C73951 /* LaunchScreen.storyboard */,
				179EE5602ACACD0A00C73951 /* Info.plist */,
				179EE5702ACACE8C00C73951 /* FMDatabase.h */,
				179EE5692ACACE8A00C73951 /* FMDatabase.m */,
				179EE5672ACACE8900C73951 /* FMDatabaseAdditions.h */,
				179EE56E2ACACE8C00C73951 /* FMDatabaseAdditions.m */,
				179EE56D2ACACE8B00C73951 /* FMDatabasePool.h */,
				179EE5682ACACE8A00C73951 /* FMDatabasePool.m */,
				179EE56A2ACACE8A00C73951 /* FMDatabaseQueue.h */,
				179EE56B2ACACE8B00C73951 /* FMDatabaseQueue.m */,
				179EE56C2ACACE8B00C73951 /* FMDB.h */,
				179EE56F2ACACE8C00C73951 /* FMResultSet.h */,
				179EE5712ACACE8D00C73951 /* FMResultSet.m */,
				179EE5662ACACE8800C73951 /* TodoApp-Bridging-Header.h */,
				179EE5772ACACEC700C73951 /* Todoo.db */,
			);
			path = TodoApp;
			sourceTree = "<group>";
		};
/* End PBXGroup section */

/* Begin PBXNativeTarget section */
		179EE54E2ACACD0500C73951 /* TodoApp */ = {
			isa = PBXNativeTarget;
			buildConfigurationList = 179EE5632ACACD0A00C73951 /* Build configuration list for PBXNativeTarget "TodoApp" */;
			buildPhases = (
				179EE54B2ACACD0500C73951 /* Sources */,
				179EE54C2ACACD0500C73951 /* Frameworks */,
				179EE54D2ACACD0500C73951 /* Resources */,
			);
			buildRules = (
			);
			dependencies = (
			);
			name = TodoApp;
			productName = TodoApp;
			productReference = 179EE54F2ACACD0500C73951 /* TodoApp.app */;
			productType = "com.apple.product-type.application";
		};
/* End PBXNativeTarget section */

/* Begin PBXProject section */
		179EE5472ACACD0500C73951 /* Project object */ = {
			isa = PBXProject;
			attributes = {
				BuildIndependentTargetsInParallel = 1;
				LastSwiftUpdateCheck = 1420;
				LastUpgradeCheck = 1420;
				TargetAttributes = {
					179EE54E2ACACD0500C73951 = {
						CreatedOnToolsVersion = 14.2;
						LastSwiftMigration = 1420;
					};
				};
			};
			buildConfigurationList = 179EE54A2ACACD0500C73951 /* Build configuration list for PBXProject "TodoApp" */;
			compatibilityVersion = "Xcode 14.0";
			developmentRegion = en;
			hasScannedForEncodings = 0;
			knownRegions = (
				en,
				Base,
			);
			mainGroup = 179EE5462ACACD0500C73951;
			productRefGroup = 179EE5502ACACD0500C73951 /* Products */;
			projectDirPath = "";
			projectRoot = "";
			targets = (
				179EE54E2ACACD0500C73951 /* TodoApp */,
			);
		};
/* End PBXProject section */

/* Begin PBXResourcesBuildPhase section */
		179EE54D2ACACD0500C73951 /* Resources */ = {
			isa = PBXResourcesBuildPhase;
			buildActionMask = 2147483647;
			files = (
				179EE55F2ACACD0A00C73951 /* LaunchScreen.storyboard in Resources */,
				179EE5782ACACEC700C73951 /* Todoo.db in Resources */,
				179EE55C2ACACD0A00C73951 /* Assets.xcassets in Resources */,
				179EE55A2ACACD0500C73951 /* Main.storyboard in Resources */,
			);
			runOnlyForDeploymentPostprocessing = 0;
		};
/* End PBXResourcesBuildPhase section */

/* Begin PBXSourcesBuildPhase section */
		179EE54B2ACACD0500C73951 /* Sources */ = {
			isa = PBXSourcesBuildPhase;
			buildActionMask = 2147483647;
			files = (
				179EE5572ACACD0500C73951 /* Anasayfa.swift in Sources */,
				179EE5722ACACE8D00C73951 /* FMDatabasePool.m in Sources */,
				179EE5532ACACD0500C73951 /* AppDelegate.swift in Sources */,
				179EE5732ACACE8D00C73951 /* FMDatabase.m in Sources */,
				179EE5552ACACD0500C73951 /* SceneDelegate.swift in Sources */,
				179EE5752ACACE8D00C73951 /* FMDatabaseAdditions.m in Sources */,
				179EE5762ACACE8D00C73951 /* FMResultSet.m in Sources */,
				179EE5742ACACE8D00C73951 /* FMDatabaseQueue.m in Sources */,
			);
			runOnlyForDeploymentPostprocessing = 0;
		};
/* End PBXSourcesBuildPhase section */

/* Begin PBXVariantGroup section */
		179EE5582ACACD0500C73951 /* Main.storyboard */ = {
			isa = PBXVariantGroup;
			children = (
				179EE5592ACACD0500C73951 /* Base */,
			);
			name = Main.storyboard;
			sourceTree = "<group>";
		};
		179EE55D2ACACD0A00C73951 /* LaunchScreen.storyboard */ = {
			isa = PBXVariantGroup;
			children = (
				179EE55E2ACACD0A00C73951 /* Base */,
			);
			name = LaunchScreen.storyboard;
			sourceTree = "<group>";
		};
/* End PBXVariantGroup section */

/* Begin XCBuildConfiguration section */
		179EE5612ACACD0A00C73951 /* Debug */ = {
			isa = XCBuildConfiguration;
			buildSettings = {
				ALWAYS_SEARCH_USER_PATHS = NO;
				CLANG_ANALYZER_NONNULL = YES;
				CLANG_ANALYZER_NUMBER_OBJECT_CONVERSION = YES_AGGRESSIVE;
				CLANG_CXX_LANGUAGE_STANDARD = "gnu++20";
				CLANG_ENABLE_MODULES = YES;
				CLANG_ENABLE_OBJC_ARC = YES;
				CLANG_ENABLE_OBJC_WEAK = YES;
				CLANG_WARN_BLOCK_CAPTURE_AUTORELEASING = YES;
				CLANG_WARN_BOOL_CONVERSION = YES;
				CLANG_WARN_COMMA = YES;
				CLANG_WARN_CONSTANT_CONVERSION = YES;
				CLANG_WARN_DEPRECATED_OBJC_IMPLEMENTATIONS = YES;
				CLANG_WARN_DIRECT_OBJC_ISA_USAGE = YES_ERROR;
				CLANG_WARN_DOCUMENTATION_COMMENTS = YES;
				CLANG_WARN_EMPTY_BODY = YES;
				CLANG_WARN_ENUM_CONVERSION = YES;
				CLANG_WARN_INFINITE_RECURSION = YES;
				CLANG_WARN_INT_CONVERSION = YES;
				CLANG_WARN_NON_LITERAL_NULL_CONVERSION = YES;
				CLANG_WARN_OBJC_IMPLICIT_RETAIN_SELF = YES;
				CLANG_WARN_OBJC_LITERAL_CONVERSION = YES;
				CLANG_WARN_OBJC_ROOT_CLASS = YES_ERROR;
				CLANG_WARN_QUOTED_INCLUDE_IN_FRAMEWORK_HEADER = YES;
				CLANG_WARN_RANGE_LOOP_ANALYSIS = YES;
				CLANG_WARN_STRICT_PROTOTYPES = YES;
				CLANG_WARN_SUSPICIOUS_MOVE = YES;
				CLANG_WARN_UNGUARDED_AVAILABILITY = YES_AGGRESSIVE;
				CLANG_WARN_UNREACHABLE_CODE = YES;
				CLANG_WARN__DUPLICATE_METHOD_MATCH = YES;
				COPY_PHASE_STRIP = NO;
				DEBUG_INFORMATION_FORMAT = dwarf;
				ENABLE_STRICT_OBJC_MSGSEND = YES;
				ENABLE_TESTABILITY = YES;
				GCC_C_LANGUAGE_STANDARD = gnu11;
				GCC_DYNAMIC_NO_PIC = NO;
				GCC_NO_COMMON_BLOCKS = YES;
				GCC_OPTIMIZATION_LEVEL = 0;
				GCC_PREPROCESSOR_DEFINITIONS = (
					"DEBUG=1",
					"$(inherited)",
				);
				GCC_WARN_64_TO_32_BIT_CONVERSION = YES;
				GCC_WARN_ABOUT_RETURN_TYPE = YES_ERROR;
				GCC_WARN_UNDECLARED_SELECTOR = YES;
				GCC_WARN_UNINITIALIZED_AUTOS = YES_AGGRESSIVE;
				GCC_WARN_UNUSED_FUNCTION = YES;
				GCC_WARN_UNUSED_VARIABLE = YES;
				IPHONEOS_DEPLOYMENT_TARGET = 16.2;
				MTL_ENABLE_DEBUG_INFO = INCLUDE_SOURCE;
				MTL_FAST_MATH = YES;
				ONLY_ACTIVE_ARCH = YES;
				SDKROOT = iphoneos;
				SWIFT_ACTIVE_COMPILATION_CONDITIONS = DEBUG;
				SWIFT_OPTIMIZATION_LEVEL = "-Onone";
			};
			name = Debug;
		};
		179EE5622ACACD0A00C73951 /* Release */ = {
			isa = XCBuildConfiguration;
			buildSettings = {
				ALWAYS_SEARCH_USER_PATHS = NO;
				CLANG_ANALYZER_NONNULL = YES;
				CLANG_ANALYZER_NUMBER_OBJECT_CONVERSION = YES_AGGRESSIVE;
				CLANG_CXX_LANGUAGE_STANDARD = "gnu++20";
				CLANG_ENABLE_MODULES = YES;
				CLANG_ENABLE_OBJC_ARC = YES;
				CLANG_ENABLE_OBJC_WEAK = YES;
				CLANG_WARN_BLOCK_CAPTURE_AUTORELEASING = YES;
				CLANG_WARN_BOOL_CONVERSION = YES;
				CLANG_WARN_COMMA = YES;
				CLANG_WARN_CONSTANT_CONVERSION = YES;
				CLANG_WARN_DEPRECATED_OBJC_IMPLEMENTATIONS = YES;
				CLANG_WARN_DIRECT_OBJC_ISA_USAGE = YES_ERROR;
				CLANG_WARN_DOCUMENTATION_COMMENTS = YES;
				CLANG_WARN_EMPTY_BODY = YES;
				CLANG_WARN_ENUM_CONVERSION = YES;
				CLANG_WARN_INFINITE_RECURSION = YES;
				CLANG_WARN_INT_CONVERSION = YES;
				CLANG_WARN_NON_LITERAL_NULL_CONVERSION = YES;
				CLANG_WARN_OBJC_IMPLICIT_RETAIN_SELF = YES;
				CLANG_WARN_OBJC_LITERAL_CONVERSION = YES;
				CLANG_WARN_OBJC_ROOT_CLASS = YES_ERROR;
				CLANG_WARN_QUOTED_INCLUDE_IN_FRAMEWORK_HEADER = YES;
				CLANG_WARN_RANGE_LOOP_ANALYSIS = YES;
				CLANG_WARN_STRICT_PROTOTYPES = YES;
				CLANG_WARN_SUSPICIOUS_MOVE = YES;
				CLANG_WARN_UNGUARDED_AVAILABILITY = YES_AGGRESSIVE;
				CLANG_WARN_UNREACHABLE_CODE = YES;
				CLANG_WARN__DUPLICATE_METHOD_MATCH = YES;
				COPY_PHASE_STRIP = NO;
				DEBUG_INFORMATION_FORMAT = "dwarf-with-dsym";
				ENABLE_NS_ASSERTIONS = NO;
				ENABLE_STRICT_OBJC_MSGSEND = YES;
				GCC_C_LANGUAGE_STANDARD = gnu11;
				GCC_NO_COMMON_BLOCKS = YES;
				GCC_WARN_64_TO_32_BIT_CONVERSION = YES;
				GCC_WARN_ABOUT_RETURN_TYPE = YES_ERROR;
				GCC_WARN_UNDECLARED_SELECTOR = YES;
				GCC_WARN_UNINITIALIZED_AUTOS = YES_AGGRESSIVE;
				GCC_WARN_UNUSED_FUNCTION = YES;
				GCC_WARN_UNUSED_VARIABLE = YES;
				IPHONEOS_DEPLOYMENT_TARGET = 16.2;
				MTL_ENABLE_DEBUG_INFO = NO;
				MTL_FAST_MATH = YES;
				SDKROOT = iphoneos;
				SWIFT_COMPILATION_MODE = wholemodule;
				SWIFT_OPTIMIZATION_LEVEL = "-O";
				VALIDATE_PRODUCT = YES;
			};
			name = Release;
		};
		179EE5642ACACD0A00C73951 /* Debug */ = {
			isa = XCBuildConfiguration;
			buildSettings = {
				ASSETCATALOG_COMPILER_APPICON_NAME = AppIcon;
				ASSETCATALOG_COMPILER_GLOBAL_ACCENT_COLOR_NAME = AccentColor;
				CLANG_ENABLE_MODULES = YES;
				CODE_SIGN_STYLE = Automatic;
				CURRENT_PROJECT_VERSION = 1;
				GENERATE_INFOPLIST_FILE = YES;
				INFOPLIST_FILE = TodoApp/Info.plist;
				INFOPLIST_KEY_UIApplicationSupportsIndirectInputEvents = YES;
				INFOPLIST_KEY_UILaunchStoryboardName = LaunchScreen;
				INFOPLIST_KEY_UIMainStoryboardFile = Main;
				INFOPLIST_KEY_UISupportedInterfaceOrientations_iPad = "UIInterfaceOrientationPortrait UIInterfaceOrientationPortraitUpsideDown UIInterfaceOrientationLandscapeLeft UIInterfaceOrientationLandscapeRight";
				INFOPLIST_KEY_UISupportedInterfaceOrientations_iPhone = "UIInterfaceOrientationPortrait UIInterfaceOrientationLandscapeLeft UIInterfaceOrientationLandscapeRight";
				LD_RUNPATH_SEARCH_PATHS = (
					"$(inherited)",
					"@executable_path/Frameworks",
				);
				MARKETING_VERSION = 1.0;
				PRODUCT_BUNDLE_IDENTIFIER = bootcamp.TodoApp;
				PRODUCT_NAME = "$(TARGET_NAME)";
				SWIFT_EMIT_LOC_STRINGS = YES;
				SWIFT_OBJC_BRIDGING_HEADER = "TodoApp/TodoApp-Bridging-Header.h";
				SWIFT_OPTIMIZATION_LEVEL = "-Onone";
				SWIFT_VERSION = 5.0;
				TARGETED_DEVICE_FAMILY = "1,2";
			};
			name = Debug;
		};
		179EE5652ACACD0A00C73951 /* Release */ = {
			isa = XCBuildConfiguration;
			buildSettings = {
				ASSETCATALOG_COMPILER_APPICON_NAME = AppIcon;
				ASSETCATALOG_COMPILER_GLOBAL_ACCENT_COLOR_NAME = AccentColor;
				CLANG_ENABLE_MODULES = YES;
				CODE_SIGN_STYLE = Automatic;
				CURRENT_PROJECT_VERSION = 1;
				GENERATE_INFOPLIST_FILE = YES;
				INFOPLIST_FILE = TodoApp/Info.plist;
				INFOPLIST_KEY_UIApplicationSupportsIndirectInputEvents = YES;
				INFOPLIST_KEY_UILaunchStoryboardName = LaunchScreen;
				INFOPLIST_KEY_UIMainStoryboardFile = Main;
				INFOPLIST_KEY_UISupportedInterfaceOrientations_iPad = "UIInterfaceOrientationPortrait UIInterfaceOrientationPortraitUpsideDown UIInterfaceOrientationLandscapeLeft UIInterfaceOrientationLandscapeRight";
				INFOPLIST_KEY_UISupportedInterfaceOrientations_iPhone = "UIInterfaceOrientationPortrait UIInterfaceOrientationLandscapeLeft UIInterfaceOrientationLandscapeRight";
				LD_RUNPATH_SEARCH_PATHS = (
					"$(inherited)",
					"@executable_path/Frameworks",
				);
				MARKETING_VERSION = 1.0;
				PRODUCT_BUNDLE_IDENTIFIER = bootcamp.TodoApp;
				PRODUCT_NAME = "$(TARGET_NAME)";
				SWIFT_EMIT_LOC_STRINGS = YES;
				SWIFT_OBJC_BRIDGING_HEADER = "TodoApp/TodoApp-Bridging-Header.h";
				SWIFT_VERSION = 5.0;
				TARGETED_DEVICE_FAMILY = "1,2";
			};
			name = Release;
		};
/* End XCBuildConfiguration section */

/* Begin XCConfigurationList section */
		179EE54A2ACACD0500C73951 /* Build configuration list for PBXProject "TodoApp" */ = {
			isa = XCConfigurationList;
			buildConfigurations = (
				179EE5612ACACD0A00C73951 /* Debug */,
				179EE5622ACACD0A00C73951 /* Release */,
			);
			defaultConfigurationIsVisible = 0;
			defaultConfigurationName = Release;
		};
		179EE5632ACACD0A00C73951 /* Build configuration list for PBXNativeTarget "TodoApp" */ = {
			isa = XCConfigurationList;
			buildConfigurations = (
				179EE5642ACACD0A00C73951 /* Debug */,
				179EE5652ACACD0A00C73951 /* Release */,
			);
			defaultConfigurationIsVisible = 0;
			defaultConfigurationName = Release;
		};
/* End XCConfigurationList section */
	};
	rootObject = 179EE5472ACACD0500C73951 /* Project object */;
}
